
Microsoft Visual Studio Solution File, Format Version 12.00
Project("{FAE04EC0-301F-11D3-BF4B-00C04F79EFBC}") = "PoprawaKolokwium_I", "PoprawaKolokwium_I\PoprawaKolokwium_I.csproj", "{DC4A1FF3-AE8A-46DE-AC6A-C123C07795EE}"
EndProject
Global
	GlobalSection(SolutionConfigurationPlatforms) = preSolution
		Debug|Any CPU = Debug|Any CPU
		Release|Any CPU = Release|Any CPU
	EndGlobalSection
	GlobalSection(ProjectConfigurationPlatforms) = postSolution
		{DC4A1FF3-AE8A-46DE-AC6A-C123C07795EE}.Debug|Any CPU.ActiveCfg = Debug|Any CPU
		{DC4A1FF3-AE8A-46DE-AC6A-C123C07795EE}.Debug|Any CPU.Build.0 = Debug|Any CPU
		{DC4A1FF3-AE8A-46DE-AC6A-C123C07795EE}.Release|Any CPU.ActiveCfg = Release|Any CPU
		{DC4A1FF3-AE8A-46DE-AC6A-C123C07795EE}.Release|Any CPU.Build.0 = Release|Any CPU
	EndGlobalSection
EndGlobal
